
Microsoft Visual Studio Solution File, Format Version 12.00
# Visual Studio Version 17
VisualStudioVersion = 17.4.33205.214
MinimumVisualStudioVersion = 10.0.40219.1
Project("{9A19103F-16F7-4668-BE54-9A1E7A4F7556}") = "AspNetMvcBlog", "AspNetMvcBlog.csproj", "{56127FFA-9367-4DE6-9919-6CBB9D14D80E}"
EndProject
Global
	GlobalSection(SolutionConfigurationPlatforms) = preSolution
		Debug|Any CPU = Debug|Any CPU
		Release|Any CPU = Release|Any CPU
	EndGlobalSection
	GlobalSection(ProjectConfigurationPlatforms) = postSolution
		{56127FFA-9367-4DE6-9919-6CBB9D14D80E}.Debug|Any CPU.ActiveCfg = Debug|Any CPU
		{56127FFA-9367-4DE6-9919-6CBB9D14D80E}.Debug|Any CPU.Build.0 = Debug|Any CPU
		{56127FFA-9367-4DE6-9919-6CBB9D14D80E}.Release|Any CPU.ActiveCfg = Release|Any CPU
		{56127FFA-9367-4DE6-9919-6CBB9D14D80E}.Release|Any CPU.Build.0 = Release|Any CPU
	EndGlobalSection
	GlobalSection(SolutionProperties) = preSolution
		HideSolutionNode = FALSE
	EndGlobalSection
	GlobalSection(ExtensibilityGlobals) = postSolution
		SolutionGuid = {C8DD1A0A-B669-44AA-98A5-0E29C54AB74B}
	EndGlobalSection
EndGlobal
